
Microsoft Visual Studio Solution File, Format Version 12.00
# Visual Studio Version 17
VisualStudioVersion = 17.0.31903.59
MinimumVisualStudioVersion = 10.0.40219.1
Project("{2150E333-8FDC-42A3-9474-1A3956D46DE8}") = "src", "src", "{27510DAD-0F69-4A5B-805F-B05F2F1BB915}"
EndProject
Project("{FAE04EC0-301F-11D3-BF4B-00C04F79EFBC}") = "DecisionAI.Core", "src\DecisionAI.Core\DecisionAI.Core.csproj", "{A30A753F-FE71-4EB2-B3B6-6AE823EC08DF}"
EndProject
Project("{FAE04EC0-301F-11D3-BF4B-00C04F79EFBC}") = "DecisionAI.Modules", "src\DecisionAI.Modules\DecisionAI.Modules.csproj", "{5B204BE3-7578-4318-8FB5-BAEA571981C9}"
EndProject
Project("{FAE04EC0-301F-11D3-BF4B-00C04F79EFBC}") = "DecisionAI.Adapters", "src\DecisionAI.Adapters\DecisionAI.Adapters.csproj", "{961713D6-E604-4D18-B94D-6B497467B334}"
EndProject
Project("{FAE04EC0-301F-11D3-BF4B-00C04F79EFBC}") = "DecisionAI.Orchestration", "src\DecisionAI.Orchestration\DecisionAI.Orchestration.csproj", "{DB8EEEC9-4FCF-4C4B-B853-971CA94AAA2C}"
EndProject
Project("{FAE04EC0-301F-11D3-BF4B-00C04F79EFBC}") = "DecisionAI.Host", "src\DecisionAI.Host\DecisionAI.Host.csproj", "{4A79FD13-8B46-42E2-A589-E75691F8F0F6}"
EndProject
Project("{2150E333-8FDC-42A3-9474-1A3956D46DE8}") = "tests", "tests", "{DDBB4CAB-5509-498C-8CE1-5DA27CC87025}"
EndProject
Project("{FAE04EC0-301F-11D3-BF4B-00C04F79EFBC}") = "DecisionAI.Testing", "tests\DecisionAI.Testing\DecisionAI.Testing.csproj", "{53184329-652D-485D-A460-503C32FB553E}"
EndProject
Project("{FAE04EC0-301F-11D3-BF4B-00C04F79EFBC}") = "DecisionAI.Tests", "tests\DecisionAI.Tests\DecisionAI.Tests.csproj", "{85918B11-74C1-486A-BDB6-0A38FF07EA3F}"
EndProject
Global
	GlobalSection(SolutionConfigurationPlatforms) = preSolution
		Debug|Any CPU = Debug|Any CPU
		Release|Any CPU = Release|Any CPU
	EndGlobalSection
	GlobalSection(SolutionProperties) = preSolution
		HideSolutionNode = FALSE
	EndGlobalSection
	GlobalSection(ProjectConfigurationPlatforms) = postSolution
		{A30A753F-FE71-4EB2-B3B6-6AE823EC08DF}.Debug|Any CPU.ActiveCfg = Debug|Any CPU
		{A30A753F-FE71-4EB2-B3B6-6AE823EC08DF}.Debug|Any CPU.Build.0 = Debug|Any CPU
		{A30A753F-FE71-4EB2-B3B6-6AE823EC08DF}.Release|Any CPU.ActiveCfg = Release|Any CPU
		{A30A753F-FE71-4EB2-B3B6-6AE823EC08DF}.Release|Any CPU.Build.0 = Release|Any CPU
		{5B204BE3-7578-4318-8FB5-BAEA571981C9}.Debug|Any CPU.ActiveCfg = Debug|Any CPU
		{5B204BE3-7578-4318-8FB5-BAEA571981C9}.Debug|Any CPU.Build.0 = Debug|Any CPU
		{5B204BE3-7578-4318-8FB5-BAEA571981C9}.Release|Any CPU.ActiveCfg = Release|Any CPU
		{5B204BE3-7578-4318-8FB5-BAEA571981C9}.Release|Any CPU.Build.0 = Release|Any CPU
		{961713D6-E604-4D18-B94D-6B497467B334}.Debug|Any CPU.ActiveCfg = Debug|Any CPU
		{961713D6-E604-4D18-B94D-6B497467B334}.Debug|Any CPU.Build.0 = Debug|Any CPU
		{961713D6-E604-4D18-B94D-6B497467B334}.Release|Any CPU.ActiveCfg = Release|Any CPU
		{961713D6-E604-4D18-B94D-6B497467B334}.Release|Any CPU.Build.0 = Release|Any CPU
		{DB8EEEC9-4FCF-4C4B-B853-971CA94AAA2C}.Debug|Any CPU.ActiveCfg = Debug|Any CPU
		{DB8EEEC9-4FCF-4C4B-B853-971CA94AAA2C}.Debug|Any CPU.Build.0 = Debug|Any CPU
		{DB8EEEC9-4FCF-4C4B-B853-971CA94AAA2C}.Release|Any CPU.ActiveCfg = Release|Any CPU
		{DB8EEEC9-4FCF-4C4B-B853-971CA94AAA2C}.Release|Any CPU.Build.0 = Release|Any CPU
		{4A79FD13-8B46-42E2-A589-E75691F8F0F6}.Debug|Any CPU.ActiveCfg = Debug|Any CPU
		{4A79FD13-8B46-42E2-A589-E75691F8F0F6}.Debug|Any CPU.Build.0 = Debug|Any CPU
		{4A79FD13-8B46-42E2-A589-E75691F8F0F6}.Release|Any CPU.ActiveCfg = Release|Any CPU
		{4A79FD13-8B46-42E2-A589-E75691F8F0F6}.Release|Any CPU.Build.0 = Release|Any CPU
		{53184329-652D-485D-A460-503C32FB553E}.Debug|Any CPU.ActiveCfg = Debug|Any CPU
		{53184329-652D-485D-A460-503C32FB553E}.Debug|Any CPU.Build.0 = Debug|Any CPU
		{53184329-652D-485D-A460-503C32FB553E}.Release|Any CPU.ActiveCfg = Release|Any CPU
		{53184329-652D-485D-A460-503C32FB553E}.Release|Any CPU.Build.0 = Release|Any CPU
		{85918B11-74C1-486A-BDB6-0A38FF07EA3F}.Debug|Any CPU.ActiveCfg = Debug|Any CPU
		{85918B11-74C1-486A-BDB6-0A38FF07EA3F}.Debug|Any CPU.Build.0 = Debug|Any CPU
		{85918B11-74C1-486A-BDB6-0A38FF07EA3F}.Release|Any CPU.ActiveCfg = Release|Any CPU
		{85918B11-74C1-486A-BDB6-0A38FF07EA3F}.Release|Any CPU.Build.0 = Release|Any CPU
	EndGlobalSection
	GlobalSection(NestedProjects) = preSolution
		{A30A753F-FE71-4EB2-B3B6-6AE823EC08DF} = {27510DAD-0F69-4A5B-805F-B05F2F1BB915}
		{5B204BE3-7578-4318-8FB5-BAEA571981C9} = {27510DAD-0F69-4A5B-805F-B05F2F1BB915}
		{961713D6-E604-4D18-B94D-6B497467B334} = {27510DAD-0F69-4A5B-805F-B05F2F1BB915}
		{DB8EEEC9-4FCF-4C4B-B853-971CA94AAA2C} = {27510DAD-0F69-4A5B-805F-B05F2F1BB915}
		{4A79FD13-8B46-42E2-A589-E75691F8F0F6} = {27510DAD-0F69-4A5B-805F-B05F2F1BB915}
		{53184329-652D-485D-A460-503C32FB553E} = {DDBB4CAB-5509-498C-8CE1-5DA27CC87025}
		{85918B11-74C1-486A-BDB6-0A38FF07EA3F} = {DDBB4CAB-5509-498C-8CE1-5DA27CC87025}
	EndGlobalSection
EndGlobal
